
Microsoft Visual Studio Solution File, Format Version 12.00
# Visual Studio Version 17
VisualStudioVersion = 17.4.33205.214
MinimumVisualStudioVersion = 10.0.40219.1
Project("{9A19103F-16F7-4668-BE54-9A1E7A4F7556}") = "TestMetier", "TestMetier\TestMetier.csproj", "{7FAE4F2E-E9D0-409C-A8B9-D099B31FCF48}"
EndProject
Project("{9A19103F-16F7-4668-BE54-9A1E7A4F7556}") = "IHM", "IHM\IHM.csproj", "{1AA88851-D0B7-444C-BE67-7A48F21D2947}"
EndProject
Project("{9A19103F-16F7-4668-BE54-9A1E7A4F7556}") = "Metier", "Metier\Metier.csproj", "{78746358-9B59-4CCD-A76F-863345CD2C0C}"
EndProject
Project("{9A19103F-16F7-4668-BE54-9A1E7A4F7556}") = "Stockage", "Stockage\Stockage.csproj", "{4CE017F2-273E-4942-9266-307D567CF555}"
EndProject
Global
	GlobalSection(SolutionConfigurationPlatforms) = preSolution
		Debug|Any CPU = Debug|Any CPU
		Release|Any CPU = Release|Any CPU
	EndGlobalSection
	GlobalSection(ProjectConfigurationPlatforms) = postSolution
		{7FAE4F2E-E9D0-409C-A8B9-D099B31FCF48}.Debug|Any CPU.ActiveCfg = Debug|Any CPU
		{7FAE4F2E-E9D0-409C-A8B9-D099B31FCF48}.Debug|Any CPU.Build.0 = Debug|Any CPU
		{7FAE4F2E-E9D0-409C-A8B9-D099B31FCF48}.Release|Any CPU.ActiveCfg = Release|Any CPU
		{7FAE4F2E-E9D0-409C-A8B9-D099B31FCF48}.Release|Any CPU.Build.0 = Release|Any CPU
		{1AA88851-D0B7-444C-BE67-7A48F21D2947}.Debug|Any CPU.ActiveCfg = Debug|Any CPU
		{1AA88851-D0B7-444C-BE67-7A48F21D2947}.Debug|Any CPU.Build.0 = Debug|Any CPU
		{1AA88851-D0B7-444C-BE67-7A48F21D2947}.Release|Any CPU.ActiveCfg = Release|Any CPU
		{1AA88851-D0B7-444C-BE67-7A48F21D2947}.Release|Any CPU.Build.0 = Release|Any CPU
		{78746358-9B59-4CCD-A76F-863345CD2C0C}.Debug|Any CPU.ActiveCfg = Debug|Any CPU
		{78746358-9B59-4CCD-A76F-863345CD2C0C}.Debug|Any CPU.Build.0 = Debug|Any CPU
		{78746358-9B59-4CCD-A76F-863345CD2C0C}.Release|Any CPU.ActiveCfg = Release|Any CPU
		{78746358-9B59-4CCD-A76F-863345CD2C0C}.Release|Any CPU.Build.0 = Release|Any CPU
		{4CE017F2-273E-4942-9266-307D567CF555}.Debug|Any CPU.ActiveCfg = Debug|Any CPU
		{4CE017F2-273E-4942-9266-307D567CF555}.Debug|Any CPU.Build.0 = Debug|Any CPU
		{4CE017F2-273E-4942-9266-307D567CF555}.Release|Any CPU.ActiveCfg = Release|Any CPU
		{4CE017F2-273E-4942-9266-307D567CF555}.Release|Any CPU.Build.0 = Release|Any CPU
	EndGlobalSection
	GlobalSection(SolutionProperties) = preSolution
		HideSolutionNode = FALSE
	EndGlobalSection
	GlobalSection(ExtensibilityGlobals) = postSolution
		SolutionGuid = {665099BC-4E5E-4B52-897B-4E8D144ACB8D}
	EndGlobalSection
EndGlobal
